// !$*UTF8*$!
{
	archiveVersion = 1;
	classes = {
	};
	objectVersion = 55;
	objects = {

/* Begin PBXBuildFile section */
		9A03E3772851EE87004DB5FC /* NewTasksViewModel.swift in Sources */ = {isa = PBXBuildFile; fileRef = 9A03E3762851EE87004DB5FC /* NewTasksViewModel.swift */; };
		9A03E37C2852025C004DB5FC /* LogOutAPICall.swift in Sources */ = {isa = PBXBuildFile; fileRef = 9A03E37B2852025C004DB5FC /* LogOutAPICall.swift */; };
		9A03E37E2852045C004DB5FC /* LogOutViewModel.swift in Sources */ = {isa = PBXBuildFile; fileRef = 9A03E37D2852045C004DB5FC /* LogOutViewModel.swift */; };
		9A070948284697A00053A78D /* MainTabBar.storyboard in Resources */ = {isa = PBXBuildFile; fileRef = 9A070947284697A00053A78D /* MainTabBar.storyboard */; };
		9A07094A284697DD0053A78D /* MainTabBarViewController.swift in Sources */ = {isa = PBXBuildFile; fileRef = 9A070949284697DD0053A78D /* MainTabBarViewController.swift */; };
		9A09F9882865BDDC00373390 /* TaskCountOfferAPICall.swift in Sources */ = {isa = PBXBuildFile; fileRef = 9A09F9872865BDDC00373390 /* TaskCountOfferAPICall.swift */; };
		9A0C79582876BC8600D455AC /* ActivityView.swift in Sources */ = {isa = PBXBuildFile; fileRef = 9A0C79572876BC8600D455AC /* ActivityView.swift */; };
		9A0C795A2876C4F700D455AC /* FirstCollectionViewCellViewModel.swift in Sources */ = {isa = PBXBuildFile; fileRef = 9A0C79592876C4F700D455AC /* FirstCollectionViewCellViewModel.swift */; };
		9A0C795C2876D47000D455AC /* NavigationControllerrr.swift in Sources */ = {isa = PBXBuildFile; fileRef = 9A0C795B2876D47000D455AC /* NavigationControllerrr.swift */; };
		9A0DD824285B1035007B075A /* ActivityCollectionViewCell.swift in Sources */ = {isa = PBXBuildFile; fileRef = 9A0DD822285B1035007B075A /* ActivityCollectionViewCell.swift */; };
		9A0DD825285B1035007B075A /* ActivityCollectionViewCell.xib in Resources */ = {isa = PBXBuildFile; fileRef = 9A0DD823285B1035007B075A /* ActivityCollectionViewCell.xib */; };
		9A0DD82B285B1102007B075A /* DocumentsCollectionViewCell.swift in Sources */ = {isa = PBXBuildFile; fileRef = 9A0DD829285B1102007B075A /* DocumentsCollectionViewCell.swift */; };
		9A0DD82C285B1102007B075A /* DocumentsCollectionViewCell.xib in Resources */ = {isa = PBXBuildFile; fileRef = 9A0DD82A285B1102007B075A /* DocumentsCollectionViewCell.xib */; };
		9A0DD82F285B13B8007B075A /* ScheduleTableViewCell.swift in Sources */ = {isa = PBXBuildFile; fileRef = 9A0DD82D285B13B8007B075A /* ScheduleTableViewCell.swift */; };
		9A0DD830285B13B8007B075A /* ScheduleTableViewCell.xib in Resources */ = {isa = PBXBuildFile; fileRef = 9A0DD82E285B13B8007B075A /* ScheduleTableViewCell.xib */; };
		9A0DD833285B2839007B075A /* UploadedFilesTableViewCell.swift in Sources */ = {isa = PBXBuildFile; fileRef = 9A0DD831285B2839007B075A /* UploadedFilesTableViewCell.swift */; };
		9A0DD834285B2839007B075A /* UploadedFilesTableViewCell.xib in Resources */ = {isa = PBXBuildFile; fileRef = 9A0DD832285B2839007B075A /* UploadedFilesTableViewCell.xib */; };
		9A15F73A2847F8E700C775B5 /* MyTasksViewModel.swift in Sources */ = {isa = PBXBuildFile; fileRef = 9A15F7392847F8E700C775B5 /* MyTasksViewModel.swift */; };
		9A1A3952286AECEF00B89A76 /* FetchDocuments.swift in Sources */ = {isa = PBXBuildFile; fileRef = 9A1A3951286AECEF00B89A76 /* FetchDocuments.swift */; };
		9A1A3955286AEDE400B89A76 /* DocumentFetchingResponseModel.swift in Sources */ = {isa = PBXBuildFile; fileRef = 9A1A3954286AEDE400B89A76 /* DocumentFetchingResponseModel.swift */; };
		9A2468F928474851000AD93F /* MyTasksViewController.swift in Sources */ = {isa = PBXBuildFile; fileRef = 9A2468F828474851000AD93F /* MyTasksViewController.swift */; };
		9A2468FB28474860000AD93F /* MyTasksStoryboard.storyboard in Resources */ = {isa = PBXBuildFile; fileRef = 9A2468FA28474860000AD93F /* MyTasksStoryboard.storyboard */; };
		9A2468FE284748E9000AD93F /* NewTasksStoryboard.storyboard in Resources */ = {isa = PBXBuildFile; fileRef = 9A2468FD284748E9000AD93F /* NewTasksStoryboard.storyboard */; };
		9A246900284748FB000AD93F /* NewTasksViewController.swift in Sources */ = {isa = PBXBuildFile; fileRef = 9A2468FF284748FB000AD93F /* NewTasksViewController.swift */; };
		9A2469082847499E000AD93F /* SettingsStoryboard.storyboard in Resources */ = {isa = PBXBuildFile; fileRef = 9A2469072847499E000AD93F /* SettingsStoryboard.storyboard */; };
		9A24690A284749AC000AD93F /* SettingsViewController.swift in Sources */ = {isa = PBXBuildFile; fileRef = 9A246909284749AC000AD93F /* SettingsViewController.swift */; };
		9A24690D28475751000AD93F /* MyTasksAPIModel.swift in Sources */ = {isa = PBXBuildFile; fileRef = 9A24690C28475751000AD93F /* MyTasksAPIModel.swift */; };
		9A2469152847A60E000AD93F /* MyTasksTableViewCell.swift in Sources */ = {isa = PBXBuildFile; fileRef = 9A2469132847A60E000AD93F /* MyTasksTableViewCell.swift */; };
		9A2469162847A60E000AD93F /* MyTasksTableViewCell.xib in Resources */ = {isa = PBXBuildFile; fileRef = 9A2469142847A60E000AD93F /* MyTasksTableViewCell.xib */; };
		9A2543B12850CC1B0006B485 /* PagerViewStoryboard.storyboard in Resources */ = {isa = PBXBuildFile; fileRef = 9A2543B02850CC1B0006B485 /* PagerViewStoryboard.storyboard */; };
		9A2543B32850CC2D0006B485 /* PagerViewViewController.swift in Sources */ = {isa = PBXBuildFile; fileRef = 9A2543B22850CC2D0006B485 /* PagerViewViewController.swift */; };
		9A2543B72850D8130006B485 /* PagerViewMainCollectionViewCell.swift in Sources */ = {isa = PBXBuildFile; fileRef = 9A2543B52850D8130006B485 /* PagerViewMainCollectionViewCell.swift */; };
		9A2543B82850D8130006B485 /* PagerViewMainCollectionViewCell.xib in Resources */ = {isa = PBXBuildFile; fileRef = 9A2543B62850D8130006B485 /* PagerViewMainCollectionViewCell.xib */; };
		9A3605E8287581DD00D00719 /* FileDeleteAPICall.swift in Sources */ = {isa = PBXBuildFile; fileRef = 9A3605E7287581DD00D00719 /* FileDeleteAPICall.swift */; };
		9A45BB7F286EE89E00BF47FD /* FileUploadAPICall.swift in Sources */ = {isa = PBXBuildFile; fileRef = 9A45BB7E286EE89E00BF47FD /* FileUploadAPICall.swift */; };
		9A466D5C284DED3A006FDE81 /* NewTaskPageVC.swift in Sources */ = {isa = PBXBuildFile; fileRef = 9A466D5B284DED3A006FDE81 /* NewTaskPageVC.swift */; };
		9A466D5E284E0586006FDE81 /* NewTasksPageStoryboard.storyboard in Resources */ = {isa = PBXBuildFile; fileRef = 9A466D5D284E0586006FDE81 /* NewTasksPageStoryboard.storyboard */; };
		9AA251BD284604F4002516D3 /* AppDelegate.swift in Sources */ = {isa = PBXBuildFile; fileRef = 9AA251BC284604F4002516D3 /* AppDelegate.swift */; };
		9AA251BF284604F4002516D3 /* SceneDelegate.swift in Sources */ = {isa = PBXBuildFile; fileRef = 9AA251BE284604F4002516D3 /* SceneDelegate.swift */; };
		9AA251C1284604F4002516D3 /* LoginViewController.swift in Sources */ = {isa = PBXBuildFile; fileRef = 9AA251C0284604F4002516D3 /* LoginViewController.swift */; };
		9AA251C4284604F4002516D3 /* LoginPage.storyboard in Resources */ = {isa = PBXBuildFile; fileRef = 9AA251C2284604F4002516D3 /* LoginPage.storyboard */; };
		9AA251C6284604F9002516D3 /* Assets.xcassets in Resources */ = {isa = PBXBuildFile; fileRef = 9AA251C5284604F9002516D3 /* Assets.xcassets */; };
		9AA251C9284604F9002516D3 /* LaunchScreen.storyboard in Resources */ = {isa = PBXBuildFile; fileRef = 9AA251C7284604F9002516D3 /* LaunchScreen.storyboard */; };
		9AA251D528460E67002516D3 /* UIElementsExtensions.swift in Sources */ = {isa = PBXBuildFile; fileRef = 9AA251D428460E67002516D3 /* UIElementsExtensions.swift */; };
		9AA251DC28463A28002516D3 /* LoginViewViewModel.swift in Sources */ = {isa = PBXBuildFile; fileRef = 9AA251DB28463A28002516D3 /* LoginViewViewModel.swift */; };
		9AA251E128464B26002516D3 /* UserAuthModel.swift in Sources */ = {isa = PBXBuildFile; fileRef = 9AA251E028464B26002516D3 /* UserAuthModel.swift */; };
		9ACA666F2863354300A9B575 /* NewShedule.swift in Sources */ = {isa = PBXBuildFile; fileRef = 9ACA666E2863354300A9B575 /* NewShedule.swift */; };
		9ADCC8E12858780C00827255 /* CommentsViewController.swift in Sources */ = {isa = PBXBuildFile; fileRef = 9ADCC8DF2858780C00827255 /* CommentsViewController.swift */; };
		9ADCC8E42858782800827255 /* Comments.storyboard in Resources */ = {isa = PBXBuildFile; fileRef = 9ADCC8E32858782800827255 /* Comments.storyboard */; };
		9ADCC8E92858863B00827255 /* CommentsTableViewCell.swift in Sources */ = {isa = PBXBuildFile; fileRef = 9ADCC8E72858863B00827255 /* CommentsTableViewCell.swift */; };
		9ADCC8EA2858863B00827255 /* CommentsTableViewCell.xib in Resources */ = {isa = PBXBuildFile; fileRef = 9ADCC8E82858863B00827255 /* CommentsTableViewCell.xib */; };
		9ADCC8EC2858960400827255 /* CommentsViewModel.swift in Sources */ = {isa = PBXBuildFile; fileRef = 9ADCC8EB2858960400827255 /* CommentsViewModel.swift */; };
		9AE04B0E28606C4700DB95AA /* ScheduleUpdateAPICall.swift in Sources */ = {isa = PBXBuildFile; fileRef = 9AE04B0D28606C4700DB95AA /* ScheduleUpdateAPICall.swift */; };
		9AEA8B942864665A00C2C023 /* ScheduleDelete.swift in Sources */ = {isa = PBXBuildFile; fileRef = 9AEA8B932864665A00C2C023 /* ScheduleDelete.swift */; };
		9AEBA965285C7B2700AA66FB /* TimeTrackingModel.swift in Sources */ = {isa = PBXBuildFile; fileRef = 9AEBA964285C7B2700AA66FB /* TimeTrackingModel.swift */; };
		9AEBA968285C7C0600AA66FB /* TimeTrackingViewModel.swift in Sources */ = {isa = PBXBuildFile; fileRef = 9AEBA967285C7C0600AA66FB /* TimeTrackingViewModel.swift */; };
		9AFC0318286C59E300C0F062 /* FileUploadResponse.swift in Sources */ = {isa = PBXBuildFile; fileRef = 9AFC0317286C59E300C0F062 /* FileUploadResponse.swift */; };
/* End PBXBuildFile section */

/* Begin PBXFileReference section */
		9A03E3762851EE87004DB5FC /* NewTasksViewModel.swift */ = {isa = PBXFileReference; lastKnownFileType = sourcecode.swift; path = NewTasksViewModel.swift; sourceTree = "<group>"; };
		9A03E37B2852025C004DB5FC /* LogOutAPICall.swift */ = {isa = PBXFileReference; lastKnownFileType = sourcecode.swift; path = LogOutAPICall.swift; sourceTree = "<group>"; };
		9A03E37D2852045C004DB5FC /* LogOutViewModel.swift */ = {isa = PBXFileReference; lastKnownFileType = sourcecode.swift; path = LogOutViewModel.swift; sourceTree = "<group>"; };
		9A070947284697A00053A78D /* MainTabBar.storyboard */ = {isa = PBXFileReference; lastKnownFileType = file.storyboard; path = MainTabBar.storyboard; sourceTree = "<group>"; };
		9A070949284697DD0053A78D /* MainTabBarViewController.swift */ = {isa = PBXFileReference; lastKnownFileType = sourcecode.swift; path = MainTabBarViewController.swift; sourceTree = "<group>"; };
		9A09F9872865BDDC00373390 /* TaskCountOfferAPICall.swift */ = {isa = PBXFileReference; lastKnownFileType = sourcecode.swift; path = TaskCountOfferAPICall.swift; sourceTree = "<group>"; };
		9A0C79572876BC8600D455AC /* ActivityView.swift */ = {isa = PBXFileReference; lastKnownFileType = sourcecode.swift; path = ActivityView.swift; sourceTree = "<group>"; };
		9A0C79592876C4F700D455AC /* FirstCollectionViewCellViewModel.swift */ = {isa = PBXFileReference; lastKnownFileType = sourcecode.swift; path = FirstCollectionViewCellViewModel.swift; sourceTree = "<group>"; };
		9A0C795B2876D47000D455AC /* NavigationControllerrr.swift */ = {isa = PBXFileReference; lastKnownFileType = sourcecode.swift; path = NavigationControllerrr.swift; sourceTree = "<group>"; };
		9A0DD822285B1035007B075A /* ActivityCollectionViewCell.swift */ = {isa = PBXFileReference; lastKnownFileType = sourcecode.swift; path = ActivityCollectionViewCell.swift; sourceTree = "<group>"; };
		9A0DD823285B1035007B075A /* ActivityCollectionViewCell.xib */ = {isa = PBXFileReference; lastKnownFileType = file.xib; path = ActivityCollectionViewCell.xib; sourceTree = "<group>"; };
		9A0DD829285B1102007B075A /* DocumentsCollectionViewCell.swift */ = {isa = PBXFileReference; lastKnownFileType = sourcecode.swift; path = DocumentsCollectionViewCell.swift; sourceTree = "<group>"; };
		9A0DD82A285B1102007B075A /* DocumentsCollectionViewCell.xib */ = {isa = PBXFileReference; lastKnownFileType = file.xib; path = DocumentsCollectionViewCell.xib; sourceTree = "<group>"; };
		9A0DD82D285B13B8007B075A /* ScheduleTableViewCell.swift */ = {isa = PBXFileReference; lastKnownFileType = sourcecode.swift; path = ScheduleTableViewCell.swift; sourceTree = "<group>"; };
		9A0DD82E285B13B8007B075A /* ScheduleTableViewCell.xib */ = {isa = PBXFileReference; lastKnownFileType = file.xib; path = ScheduleTableViewCell.xib; sourceTree = "<group>"; };
		9A0DD831285B2839007B075A /* UploadedFilesTableViewCell.swift */ = {isa = PBXFileReference; lastKnownFileType = sourcecode.swift; path = UploadedFilesTableViewCell.swift; sourceTree = "<group>"; };
		9A0DD832285B2839007B075A /* UploadedFilesTableViewCell.xib */ = {isa = PBXFileReference; lastKnownFileType = file.xib; path = UploadedFilesTableViewCell.xib; sourceTree = "<group>"; };
		9A15F7392847F8E700C775B5 /* MyTasksViewModel.swift */ = {isa = PBXFileReference; lastKnownFileType = sourcecode.swift; path = MyTasksViewModel.swift; sourceTree = "<group>"; };
		9A1A3951286AECEF00B89A76 /* FetchDocuments.swift */ = {isa = PBXFileReference; lastKnownFileType = sourcecode.swift; path = FetchDocuments.swift; sourceTree = "<group>"; };
		9A1A3954286AEDE400B89A76 /* DocumentFetchingResponseModel.swift */ = {isa = PBXFileReference; lastKnownFileType = sourcecode.swift; path = DocumentFetchingResponseModel.swift; sourceTree = "<group>"; };
		9A2468F828474851000AD93F /* MyTasksViewController.swift */ = {isa = PBXFileReference; lastKnownFileType = sourcecode.swift; path = MyTasksViewController.swift; sourceTree = "<group>"; };
		9A2468FA28474860000AD93F /* MyTasksStoryboard.storyboard */ = {isa = PBXFileReference; lastKnownFileType = file.storyboard; path = MyTasksStoryboard.storyboard; sourceTree = "<group>"; };
		9A2468FD284748E9000AD93F /* NewTasksStoryboard.storyboard */ = {isa = PBXFileReference; lastKnownFileType = file.storyboard; path = NewTasksStoryboard.storyboard; sourceTree = "<group>"; };
		9A2468FF284748FB000AD93F /* NewTasksViewController.swift */ = {isa = PBXFileReference; lastKnownFileType = sourcecode.swift; path = NewTasksViewController.swift; sourceTree = "<group>"; };
		9A2469072847499E000AD93F /* SettingsStoryboard.storyboard */ = {isa = PBXFileReference; lastKnownFileType = file.storyboard; path = SettingsStoryboard.storyboard; sourceTree = "<group>"; };
		9A246909284749AC000AD93F /* SettingsViewController.swift */ = {isa = PBXFileReference; lastKnownFileType = sourcecode.swift; path = SettingsViewController.swift; sourceTree = "<group>"; };
		9A24690C28475751000AD93F /* MyTasksAPIModel.swift */ = {isa = PBXFileReference; lastKnownFileType = sourcecode.swift; path = MyTasksAPIModel.swift; sourceTree = "<group>"; };
		9A2469132847A60E000AD93F /* MyTasksTableViewCell.swift */ = {isa = PBXFileReference; lastKnownFileType = sourcecode.swift; path = MyTasksTableViewCell.swift; sourceTree = "<group>"; };
		9A2469142847A60E000AD93F /* MyTasksTableViewCell.xib */ = {isa = PBXFileReference; lastKnownFileType = file.xib; path = MyTasksTableViewCell.xib; sourceTree = "<group>"; };
		9A2543B02850CC1B0006B485 /* PagerViewStoryboard.storyboard */ = {isa = PBXFileReference; lastKnownFileType = file.storyboard; path = PagerViewStoryboard.storyboard; sourceTree = "<group>"; };
		9A2543B22850CC2D0006B485 /* PagerViewViewController.swift */ = {isa = PBXFileReference; lastKnownFileType = sourcecode.swift; path = PagerViewViewController.swift; sourceTree = "<group>"; };
		9A2543B52850D8130006B485 /* PagerViewMainCollectionViewCell.swift */ = {isa = PBXFileReference; lastKnownFileType = sourcecode.swift; path = PagerViewMainCollectionViewCell.swift; sourceTree = "<group>"; };
		9A2543B62850D8130006B485 /* PagerViewMainCollectionViewCell.xib */ = {isa = PBXFileReference; lastKnownFileType = file.xib; path = PagerViewMainCollectionViewCell.xib; sourceTree = "<group>"; };
		9A3605E7287581DD00D00719 /* FileDeleteAPICall.swift */ = {isa = PBXFileReference; lastKnownFileType = sourcecode.swift; path = FileDeleteAPICall.swift; sourceTree = "<group>"; };
		9A45BB7E286EE89E00BF47FD /* FileUploadAPICall.swift */ = {isa = PBXFileReference; lastKnownFileType = sourcecode.swift; path = FileUploadAPICall.swift; sourceTree = "<group>"; };
		9A466D5B284DED3A006FDE81 /* NewTaskPageVC.swift */ = {isa = PBXFileReference; lastKnownFileType = sourcecode.swift; path = NewTaskPageVC.swift; sourceTree = "<group>"; };
		9A466D5D284E0586006FDE81 /* NewTasksPageStoryboard.storyboard */ = {isa = PBXFileReference; lastKnownFileType = file.storyboard; path = NewTasksPageStoryboard.storyboard; sourceTree = "<group>"; };
		9AA251B9284604F4002516D3 /* AlphaLing.app */ = {isa = PBXFileReference; explicitFileType = wrapper.application; includeInIndex = 0; path = AlphaLing.app; sourceTree = BUILT_PRODUCTS_DIR; };
		9AA251BC284604F4002516D3 /* AppDelegate.swift */ = {isa = PBXFileReference; lastKnownFileType = sourcecode.swift; path = AppDelegate.swift; sourceTree = "<group>"; };
		9AA251BE284604F4002516D3 /* SceneDelegate.swift */ = {isa = PBXFileReference; lastKnownFileType = sourcecode.swift; path = SceneDelegate.swift; sourceTree = "<group>"; };
		9AA251C0284604F4002516D3 /* LoginViewController.swift */ = {isa = PBXFileReference; lastKnownFileType = sourcecode.swift; path = LoginViewController.swift; sourceTree = "<group>"; };
		9AA251C3284604F4002516D3 /* Base */ = {isa = PBXFileReference; lastKnownFileType = file.storyboard; name = Base; path = Base.lproj/LoginPage.storyboard; sourceTree = "<group>"; };
		9AA251C5284604F9002516D3 /* Assets.xcassets */ = {isa = PBXFileReference; lastKnownFileType = folder.assetcatalog; path = Assets.xcassets; sourceTree = "<group>"; };
		9AA251C8284604F9002516D3 /* Base */ = {isa = PBXFileReference; lastKnownFileType = file.storyboard; name = Base; path = Base.lproj/LaunchScreen.storyboard; sourceTree = "<group>"; };
		9AA251CA284604F9002516D3 /* Info.plist */ = {isa = PBXFileReference; lastKnownFileType = text.plist.xml; path = Info.plist; sourceTree = "<group>"; };
		9AA251D428460E67002516D3 /* UIElementsExtensions.swift */ = {isa = PBXFileReference; lastKnownFileType = sourcecode.swift; path = UIElementsExtensions.swift; sourceTree = "<group>"; };
		9AA251DB28463A28002516D3 /* LoginViewViewModel.swift */ = {isa = PBXFileReference; lastKnownFileType = sourcecode.swift; path = LoginViewViewModel.swift; sourceTree = "<group>"; };
		9AA251E028464B26002516D3 /* UserAuthModel.swift */ = {isa = PBXFileReference; lastKnownFileType = sourcecode.swift; path = UserAuthModel.swift; sourceTree = "<group>"; };
		9ACA666E2863354300A9B575 /* NewShedule.swift */ = {isa = PBXFileReference; lastKnownFileType = sourcecode.swift; path = NewShedule.swift; sourceTree = "<group>"; };
		9ADCC8DF2858780C00827255 /* CommentsViewController.swift */ = {isa = PBXFileReference; lastKnownFileType = sourcecode.swift; path = CommentsViewController.swift; sourceTree = "<group>"; };
		9ADCC8E32858782800827255 /* Comments.storyboard */ = {isa = PBXFileReference; lastKnownFileType = file.storyboard; path = Comments.storyboard; sourceTree = "<group>"; };
		9ADCC8E72858863B00827255 /* CommentsTableViewCell.swift */ = {isa = PBXFileReference; lastKnownFileType = sourcecode.swift; path = CommentsTableViewCell.swift; sourceTree = "<group>"; };
		9ADCC8E82858863B00827255 /* CommentsTableViewCell.xib */ = {isa = PBXFileReference; lastKnownFileType = file.xib; path = CommentsTableViewCell.xib; sourceTree = "<group>"; };
		9ADCC8EB2858960400827255 /* CommentsViewModel.swift */ = {isa = PBXFileReference; lastKnownFileType = sourcecode.swift; path = CommentsViewModel.swift; sourceTree = "<group>"; };
		9AE04B0D28606C4700DB95AA /* ScheduleUpdateAPICall.swift */ = {isa = PBXFileReference; lastKnownFileType = sourcecode.swift; path = ScheduleUpdateAPICall.swift; sourceTree = "<group>"; };
		9AEA8B932864665A00C2C023 /* ScheduleDelete.swift */ = {isa = PBXFileReference; lastKnownFileType = sourcecode.swift; path = ScheduleDelete.swift; sourceTree = "<group>"; };
		9AEBA964285C7B2700AA66FB /* TimeTrackingModel.swift */ = {isa = PBXFileReference; lastKnownFileType = sourcecode.swift; path = TimeTrackingModel.swift; sourceTree = "<group>"; };
		9AEBA967285C7C0600AA66FB /* TimeTrackingViewModel.swift */ = {isa = PBXFileReference; lastKnownFileType = sourcecode.swift; path = TimeTrackingViewModel.swift; sourceTree = "<group>"; };
		9AFC0317286C59E300C0F062 /* FileUploadResponse.swift */ = {isa = PBXFileReference; lastKnownFileType = sourcecode.swift; path = FileUploadResponse.swift; sourceTree = "<group>"; };
/* End PBXFileReference section */

/* Begin PBXFrameworksBuildPhase section */
		9AA251B6284604F4002516D3 /* Frameworks */ = {
			isa = PBXFrameworksBuildPhase;
			buildActionMask = 2147483647;
			files = (
			);
			runOnlyForDeploymentPostprocessing = 0;
		};
/* End PBXFrameworksBuildPhase section */

/* Begin PBXGroup section */
		9A03E3732851ED95004DB5FC /* View */ = {
			isa = PBXGroup;
			children = (
				9A466D5D284E0586006FDE81 /* NewTasksPageStoryboard.storyboard */,
				9A2468FD284748E9000AD93F /* NewTasksStoryboard.storyboard */,
			);
			path = View;
			sourceTree = "<group>";
		};
		9A03E3752851EDA6004DB5FC /* ViewModel */ = {
			isa = PBXGroup;
			children = (
				9A03E3762851EE87004DB5FC /* NewTasksViewModel.swift */,
				9A09F9872865BDDC00373390 /* TaskCountOfferAPICall.swift */,
			);
			path = ViewModel;
			sourceTree = "<group>";
		};
		9A03E37A28520007004DB5FC /* LogOut */ = {
			isa = PBXGroup;
			children = (
				9A03E37B2852025C004DB5FC /* LogOutAPICall.swift */,
				9A03E37D2852045C004DB5FC /* LogOutViewModel.swift */,
			);
			path = LogOut;
			sourceTree = "<group>";
		};
		9A070946284697810053A78D /* MainPage */ = {
			isa = PBXGroup;
			children = (
				9A24690E28475EB5000AD93F /* MainTabBar */,
				9A2468F5284747D1000AD93F /* MyTasks */,
				9A2468FC284748CF000AD93F /* NewTasks */,
				9A24690628474989000AD93F /* Settings */,
			);
			path = MainPage;
			sourceTree = "<group>";
		};
		9A0DD821285B1000007B075A /* SecondCollectionViewCell */ = {
			isa = PBXGroup;
			children = (
				9AEBA963285C7AC500AA66FB /* Model */,
				9AEBA966285C7BF200AA66FB /* ViewModel */,
				9AEBA962285C7AB200AA66FB /* View */,
			);
			path = SecondCollectionViewCell;
			sourceTree = "<group>";
		};
		9A0DD826285B10C9007B075A /* ThirdCollectionViewCell */ = {
			isa = PBXGroup;
			children = (
				9A1A3953286AEDD400B89A76 /* Model */,
				9A1A3950286AECB900B89A76 /* View */,
				9A1A394F286AECB200B89A76 /* ViewModel */,
			);
			path = ThirdCollectionViewCell;
			sourceTree = "<group>";
		};
		9A1A394F286AECB200B89A76 /* ViewModel */ = {
			isa = PBXGroup;
			children = (
				9A1A3951286AECEF00B89A76 /* FetchDocuments.swift */,
				9A45BB7E286EE89E00BF47FD /* FileUploadAPICall.swift */,
				9A3605E7287581DD00D00719 /* FileDeleteAPICall.swift */,
			);
			path = ViewModel;
			sourceTree = "<group>";
		};
		9A1A3950286AECB900B89A76 /* View */ = {
			isa = PBXGroup;
			children = (
				9A0DD832285B2839007B075A /* UploadedFilesTableViewCell.xib */,
				9A0DD831285B2839007B075A /* UploadedFilesTableViewCell.swift */,
				9A0DD829285B1102007B075A /* DocumentsCollectionViewCell.swift */,
				9A0DD82A285B1102007B075A /* DocumentsCollectionViewCell.xib */,
			);
			path = View;
			sourceTree = "<group>";
		};
		9A1A3953286AEDD400B89A76 /* Model */ = {
			isa = PBXGroup;
			children = (
				9A1A3954286AEDE400B89A76 /* DocumentFetchingResponseModel.swift */,
				9AFC0317286C59E300C0F062 /* FileUploadResponse.swift */,
			);
			path = Model;
			sourceTree = "<group>";
		};
		9A2468F5284747D1000AD93F /* MyTasks */ = {
			isa = PBXGroup;
			children = (
				9A24690B28475726000AD93F /* MyTasksModel */,
				9A2469122847A5E4000AD93F /* View */,
				9A24690F28475ED3000AD93F /* MyTasksViewModel */,
				9A2468F828474851000AD93F /* MyTasksViewController.swift */,
			);
			path = MyTasks;
			sourceTree = "<group>";
		};
		9A2468FC284748CF000AD93F /* NewTasks */ = {
			isa = PBXGroup;
			children = (
				9A03E3752851EDA6004DB5FC /* ViewModel */,
				9A03E3732851ED95004DB5FC /* View */,
				9A466D5B284DED3A006FDE81 /* NewTaskPageVC.swift */,
				9A2468FF284748FB000AD93F /* NewTasksViewController.swift */,
			);
			path = NewTasks;
			sourceTree = "<group>";
		};
		9A24690628474989000AD93F /* Settings */ = {
			isa = PBXGroup;
			children = (
				9A03E37A28520007004DB5FC /* LogOut */,
				9A2469072847499E000AD93F /* SettingsStoryboard.storyboard */,
				9A246909284749AC000AD93F /* SettingsViewController.swift */,
			);
			path = Settings;
			sourceTree = "<group>";
		};
		9A24690B28475726000AD93F /* MyTasksModel */ = {
			isa = PBXGroup;
			children = (
				9A24690C28475751000AD93F /* MyTasksAPIModel.swift */,
			);
			path = MyTasksModel;
			sourceTree = "<group>";
		};
		9A24690E28475EB5000AD93F /* MainTabBar */ = {
			isa = PBXGroup;
			children = (
				9A070949284697DD0053A78D /* MainTabBarViewController.swift */,
				9A070947284697A00053A78D /* MainTabBar.storyboard */,
			);
			path = MainTabBar;
			sourceTree = "<group>";
		};
		9A24690F28475ED3000AD93F /* MyTasksViewModel */ = {
			isa = PBXGroup;
			children = (
				9A15F7392847F8E700C775B5 /* MyTasksViewModel.swift */,
			);
			path = MyTasksViewModel;
			sourceTree = "<group>";
		};
		9A2469122847A5E4000AD93F /* View */ = {
			isa = PBXGroup;
			children = (
				9A2468FA28474860000AD93F /* MyTasksStoryboard.storyboard */,
				9A0C795B2876D47000D455AC /* NavigationControllerrr.swift */,
				9AEBA960285C7A2500AA66FB /* MyTaskCell */,
				9A2543AF2850CBF50006B485 /* PagerView */,
			);
			path = View;
			sourceTree = "<group>";
		};
		9A2543AF2850CBF50006B485 /* PagerView */ = {
			isa = PBXGroup;
			children = (
				9AEBA961285C7A5D00AA66FB /* PagerViewRootPage */,
				9A2543B42850D7CD0006B485 /* FirstCollectionViewCell */,
				9A0DD821285B1000007B075A /* SecondCollectionViewCell */,
				9A0DD826285B10C9007B075A /* ThirdCollectionViewCell */,
			);
			path = PagerView;
			sourceTree = "<group>";
		};
		9A2543B42850D7CD0006B485 /* FirstCollectionViewCell */ = {
			isa = PBXGroup;
			children = (
				9ADCC8DE285877F700827255 /* Comments */,
				9A2543B62850D8130006B485 /* PagerViewMainCollectionViewCell.xib */,
				9A2543B52850D8130006B485 /* PagerViewMainCollectionViewCell.swift */,
				9A0C79592876C4F700D455AC /* FirstCollectionViewCellViewModel.swift */,
			);
			path = FirstCollectionViewCell;
			sourceTree = "<group>";
		};
		9AA251B0284604F4002516D3 = {
			isa = PBXGroup;
			children = (
				9AA251BB284604F4002516D3 /* AlphaLing */,
				9AA251BA284604F4002516D3 /* Products */,
			);
			sourceTree = "<group>";
		};
		9AA251BA284604F4002516D3 /* Products */ = {
			isa = PBXGroup;
			children = (
				9AA251B9284604F4002516D3 /* AlphaLing.app */,
			);
			name = Products;
			sourceTree = "<group>";
		};
		9AA251BB284604F4002516D3 /* AlphaLing */ = {
			isa = PBXGroup;
			children = (
				9AA251D128460556002516D3 /* Resources */,
				9AA251D028460538002516D3 /* SupportingFiles */,
				9AA251D22846059D002516D3 /* Scenes */,
			);
			path = AlphaLing;
			sourceTree = "<group>";
		};
		9AA251D028460538002516D3 /* SupportingFiles */ = {
			isa = PBXGroup;
			children = (
				9AA251D328460E52002516D3 /* Extensions */,
				9AA251C7284604F9002516D3 /* LaunchScreen.storyboard */,
				9AA251BC284604F4002516D3 /* AppDelegate.swift */,
				9AA251BE284604F4002516D3 /* SceneDelegate.swift */,
			);
			path = SupportingFiles;
			sourceTree = "<group>";
		};
		9AA251D128460556002516D3 /* Resources */ = {
			isa = PBXGroup;
			children = (
				9AA251CA284604F9002516D3 /* Info.plist */,
				9AA251C5284604F9002516D3 /* Assets.xcassets */,
			);
			path = Resources;
			sourceTree = "<group>";
		};
		9AA251D22846059D002516D3 /* Scenes */ = {
			isa = PBXGroup;
			children = (
				9AA251D62846185C002516D3 /* LogInPage */,
				9A070946284697810053A78D /* MainPage */,
			);
			path = Scenes;
			sourceTree = "<group>";
		};
		9AA251D328460E52002516D3 /* Extensions */ = {
			isa = PBXGroup;
			children = (
				9AA251D428460E67002516D3 /* UIElementsExtensions.swift */,
				9A0C79572876BC8600D455AC /* ActivityView.swift */,
			);
			path = Extensions;
			sourceTree = "<group>";
		};
		9AA251D62846185C002516D3 /* LogInPage */ = {
			isa = PBXGroup;
			children = (
				9AA251DF28464B0C002516D3 /* Model */,
				9AA251DE28464472002516D3 /* View */,
				9AA251DA28463A0E002516D3 /* ViewModel */,
				9AA251C0284604F4002516D3 /* LoginViewController.swift */,
			);
			path = LogInPage;
			sourceTree = "<group>";
		};
		9AA251DA28463A0E002516D3 /* ViewModel */ = {
			isa = PBXGroup;
			children = (
				9AA251DB28463A28002516D3 /* LoginViewViewModel.swift */,
			);
			path = ViewModel;
			sourceTree = "<group>";
		};
		9AA251DE28464472002516D3 /* View */ = {
			isa = PBXGroup;
			children = (
				9AA251C2284604F4002516D3 /* LoginPage.storyboard */,
			);
			path = View;
			sourceTree = "<group>";
		};
		9AA251DF28464B0C002516D3 /* Model */ = {
			isa = PBXGroup;
			children = (
				9AA251E028464B26002516D3 /* UserAuthModel.swift */,
			);
			path = Model;
			sourceTree = "<group>";
		};
		9ADCC8DE285877F700827255 /* Comments */ = {
			isa = PBXGroup;
			children = (
				9ADCC8DF2858780C00827255 /* CommentsViewController.swift */,
				9ADCC8E32858782800827255 /* Comments.storyboard */,
				9ADCC8E72858863B00827255 /* CommentsTableViewCell.swift */,
				9ADCC8E82858863B00827255 /* CommentsTableViewCell.xib */,
				9ADCC8EB2858960400827255 /* CommentsViewModel.swift */,
			);
			path = Comments;
			sourceTree = "<group>";
		};
		9AEBA960285C7A2500AA66FB /* MyTaskCell */ = {
			isa = PBXGroup;
			children = (
				9A2469132847A60E000AD93F /* MyTasksTableViewCell.swift */,
				9A2469142847A60E000AD93F /* MyTasksTableViewCell.xib */,
			);
			path = MyTaskCell;
			sourceTree = "<group>";
		};
		9AEBA961285C7A5D00AA66FB /* PagerViewRootPage */ = {
			isa = PBXGroup;
			children = (
				9A2543B02850CC1B0006B485 /* PagerViewStoryboard.storyboard */,
				9A2543B22850CC2D0006B485 /* PagerViewViewController.swift */,
			);
			path = PagerViewRootPage;
			sourceTree = "<group>";
		};
		9AEBA962285C7AB200AA66FB /* View */ = {
			isa = PBXGroup;
			children = (
				9A0DD822285B1035007B075A /* ActivityCollectionViewCell.swift */,
				9A0DD823285B1035007B075A /* ActivityCollectionViewCell.xib */,
				9A0DD82D285B13B8007B075A /* ScheduleTableViewCell.swift */,
				9A0DD82E285B13B8007B075A /* ScheduleTableViewCell.xib */,
			);
			path = View;
			sourceTree = "<group>";
		};
		9AEBA963285C7AC500AA66FB /* Model */ = {
			isa = PBXGroup;
			children = (
				9AEBA964285C7B2700AA66FB /* TimeTrackingModel.swift */,
			);
			path = Model;
			sourceTree = "<group>";
		};
		9AEBA966285C7BF200AA66FB /* ViewModel */ = {
			isa = PBXGroup;
			children = (
				9AEBA967285C7C0600AA66FB /* TimeTrackingViewModel.swift */,
				9AE04B0D28606C4700DB95AA /* ScheduleUpdateAPICall.swift */,
				9ACA666E2863354300A9B575 /* NewShedule.swift */,
				9AEA8B932864665A00C2C023 /* ScheduleDelete.swift */,
			);
			path = ViewModel;
			sourceTree = "<group>";
		};
/* End PBXGroup section */

/* Begin PBXNativeTarget section */
		9AA251B8284604F4002516D3 /* AlphaLing */ = {
			isa = PBXNativeTarget;
			buildConfigurationList = 9AA251CD284604F9002516D3 /* Build configuration list for PBXNativeTarget "AlphaLing" */;
			buildPhases = (
				9AA251B5284604F4002516D3 /* Sources */,
				9AA251B6284604F4002516D3 /* Frameworks */,
				9AA251B7284604F4002516D3 /* Resources */,
			);
			buildRules = (
			);
			dependencies = (
			);
			name = AlphaLing;
			productName = AlphaLing;
			productReference = 9AA251B9284604F4002516D3 /* AlphaLing.app */;
			productType = "com.apple.product-type.application";
		};
/* End PBXNativeTarget section */

/* Begin PBXProject section */
		9AA251B1284604F4002516D3 /* Project object */ = {
			isa = PBXProject;
			attributes = {
				BuildIndependentTargetsInParallel = 1;
				LastSwiftUpdateCheck = 1320;
				LastUpgradeCheck = 1320;
				TargetAttributes = {
					9AA251B8284604F4002516D3 = {
						CreatedOnToolsVersion = 13.2.1;
					};
				};
			};
			buildConfigurationList = 9AA251B4284604F4002516D3 /* Build configuration list for PBXProject "AlphaLing" */;
			compatibilityVersion = "Xcode 13.0";
			developmentRegion = en;
			hasScannedForEncodings = 0;
			knownRegions = (
				en,
				Base,
			);
			mainGroup = 9AA251B0284604F4002516D3;
			productRefGroup = 9AA251BA284604F4002516D3 /* Products */;
			projectDirPath = "";
			projectRoot = "";
			targets = (
				9AA251B8284604F4002516D3 /* AlphaLing */,
			);
		};
/* End PBXProject section */

/* Begin PBXResourcesBuildPhase section */
		9AA251B7284604F4002516D3 /* Resources */ = {
			isa = PBXResourcesBuildPhase;
			buildActionMask = 2147483647;
			files = (
				9ADCC8E42858782800827255 /* Comments.storyboard in Resources */,
				9A0DD834285B2839007B075A /* UploadedFilesTableViewCell.xib in Resources */,
				9A2469162847A60E000AD93F /* MyTasksTableViewCell.xib in Resources */,
				9A2543B82850D8130006B485 /* PagerViewMainCollectionViewCell.xib in Resources */,
				9A2468FB28474860000AD93F /* MyTasksStoryboard.storyboard in Resources */,
				9A2543B12850CC1B0006B485 /* PagerViewStoryboard.storyboard in Resources */,
				9A0DD82C285B1102007B075A /* DocumentsCollectionViewCell.xib in Resources */,
				9A2469082847499E000AD93F /* SettingsStoryboard.storyboard in Resources */,
				9ADCC8EA2858863B00827255 /* CommentsTableViewCell.xib in Resources */,
				9A2468FE284748E9000AD93F /* NewTasksStoryboard.storyboard in Resources */,
				9AA251C9284604F9002516D3 /* LaunchScreen.storyboard in Resources */,
				9A0DD830285B13B8007B075A /* ScheduleTableViewCell.xib in Resources */,
				9A070948284697A00053A78D /* MainTabBar.storyboard in Resources */,
				9AA251C6284604F9002516D3 /* Assets.xcassets in Resources */,
				9A466D5E284E0586006FDE81 /* NewTasksPageStoryboard.storyboard in Resources */,
				9AA251C4284604F4002516D3 /* LoginPage.storyboard in Resources */,
				9A0DD825285B1035007B075A /* ActivityCollectionViewCell.xib in Resources */,
			);
			runOnlyForDeploymentPostprocessing = 0;
		};
/* End PBXResourcesBuildPhase section */

/* Begin PBXSourcesBuildPhase section */
		9AA251B5284604F4002516D3 /* Sources */ = {
			isa = PBXSourcesBuildPhase;
			buildActionMask = 2147483647;
			files = (
				9AEBA968285C7C0600AA66FB /* TimeTrackingViewModel.swift in Sources */,
				9AA251DC28463A28002516D3 /* LoginViewViewModel.swift in Sources */,
				9A07094A284697DD0053A78D /* MainTabBarViewController.swift in Sources */,
				9A24690A284749AC000AD93F /* SettingsViewController.swift in Sources */,
				9A03E3772851EE87004DB5FC /* NewTasksViewModel.swift in Sources */,
				9ADCC8E92858863B00827255 /* CommentsTableViewCell.swift in Sources */,
				9AA251C1284604F4002516D3 /* LoginViewController.swift in Sources */,
				9ACA666F2863354300A9B575 /* NewShedule.swift in Sources */,
				9AFC0318286C59E300C0F062 /* FileUploadResponse.swift in Sources */,
				9A2468F928474851000AD93F /* MyTasksViewController.swift in Sources */,
				9AEA8B942864665A00C2C023 /* ScheduleDelete.swift in Sources */,
				9AA251E128464B26002516D3 /* UserAuthModel.swift in Sources */,
				9AA251D528460E67002516D3 /* UIElementsExtensions.swift in Sources */,
				9ADCC8E12858780C00827255 /* CommentsViewController.swift in Sources */,
				9A466D5C284DED3A006FDE81 /* NewTaskPageVC.swift in Sources */,
				9A246900284748FB000AD93F /* NewTasksViewController.swift in Sources */,
				9A0DD833285B2839007B075A /* UploadedFilesTableViewCell.swift in Sources */,
				9A0C795A2876C4F700D455AC /* FirstCollectionViewCellViewModel.swift in Sources */,
				9AA251BD284604F4002516D3 /* AppDelegate.swift in Sources */,
				9AEBA965285C7B2700AA66FB /* TimeTrackingModel.swift in Sources */,
				9A03E37C2852025C004DB5FC /* LogOutAPICall.swift in Sources */,
				9AA251BF284604F4002516D3 /* SceneDelegate.swift in Sources */,
				9A0DD82B285B1102007B075A /* DocumentsCollectionViewCell.swift in Sources */,
				9A0DD82F285B13B8007B075A /* ScheduleTableViewCell.swift in Sources */,
				9A1A3952286AECEF00B89A76 /* FetchDocuments.swift in Sources */,
				9A2543B32850CC2D0006B485 /* PagerViewViewController.swift in Sources */,
				9A15F73A2847F8E700C775B5 /* MyTasksViewModel.swift in Sources */,
				9AE04B0E28606C4700DB95AA /* ScheduleUpdateAPICall.swift in Sources */,
				9A0DD824285B1035007B075A /* ActivityCollectionViewCell.swift in Sources */,
				9A3605E8287581DD00D00719 /* FileDeleteAPICall.swift in Sources */,
				9A09F9882865BDDC00373390 /* TaskCountOfferAPICall.swift in Sources */,
				9A0C795C2876D47000D455AC /* NavigationControllerrr.swift in Sources */,
				9A03E37E2852045C004DB5FC /* LogOutViewModel.swift in Sources */,
				9A0C79582876BC8600D455AC /* ActivityView.swift in Sources */,
				9A1A3955286AEDE400B89A76 /* DocumentFetchingResponseModel.swift in Sources */,
				9ADCC8EC2858960400827255 /* CommentsViewModel.swift in Sources */,
				9A2543B72850D8130006B485 /* PagerViewMainCollectionViewCell.swift in Sources */,
				9A45BB7F286EE89E00BF47FD /* FileUploadAPICall.swift in Sources */,
				9A2469152847A60E000AD93F /* MyTasksTableViewCell.swift in Sources */,
				9A24690D28475751000AD93F /* MyTasksAPIModel.swift in Sources */,
			);
			runOnlyForDeploymentPostprocessing = 0;
		};
/* End PBXSourcesBuildPhase section */

/* Begin PBXVariantGroup section */
		9AA251C2284604F4002516D3 /* LoginPage.storyboard */ = {
			isa = PBXVariantGroup;
			children = (
				9AA251C3284604F4002516D3 /* Base */,
			);
			name = LoginPage.storyboard;
			sourceTree = "<group>";
		};
		9AA251C7284604F9002516D3 /* LaunchScreen.storyboard */ = {
			isa = PBXVariantGroup;
			children = (
				9AA251C8284604F9002516D3 /* Base */,
			);
			name = LaunchScreen.storyboard;
			sourceTree = "<group>";
		};
/* End PBXVariantGroup section */

/* Begin XCBuildConfiguration section */
		9AA251CB284604F9002516D3 /* Debug */ = {
			isa = XCBuildConfiguration;
			buildSettings = {
				ALWAYS_SEARCH_USER_PATHS = NO;
				CLANG_ANALYZER_NONNULL = YES;
				CLANG_ANALYZER_NUMBER_OBJECT_CONVERSION = YES_AGGRESSIVE;
				CLANG_CXX_LANGUAGE_STANDARD = "gnu++17";
				CLANG_CXX_LIBRARY = "libc++";
				CLANG_ENABLE_MODULES = YES;
				CLANG_ENABLE_OBJC_ARC = YES;
				CLANG_ENABLE_OBJC_WEAK = YES;
				CLANG_WARN_BLOCK_CAPTURE_AUTORELEASING = YES;
				CLANG_WARN_BOOL_CONVERSION = YES;
				CLANG_WARN_COMMA = YES;
				CLANG_WARN_CONSTANT_CONVERSION = YES;
				CLANG_WARN_DEPRECATED_OBJC_IMPLEMENTATIONS = YES;
				CLANG_WARN_DIRECT_OBJC_ISA_USAGE = YES_ERROR;
				CLANG_WARN_DOCUMENTATION_COMMENTS = YES;
				CLANG_WARN_EMPTY_BODY = YES;
				CLANG_WARN_ENUM_CONVERSION = YES;
				CLANG_WARN_INFINITE_RECURSION = YES;
				CLANG_WARN_INT_CONVERSION = YES;
				CLANG_WARN_NON_LITERAL_NULL_CONVERSION = YES;
				CLANG_WARN_OBJC_IMPLICIT_RETAIN_SELF = YES;
				CLANG_WARN_OBJC_LITERAL_CONVERSION = YES;
				CLANG_WARN_OBJC_ROOT_CLASS = YES_ERROR;
				CLANG_WARN_QUOTED_INCLUDE_IN_FRAMEWORK_HEADER = YES;
				CLANG_WARN_RANGE_LOOP_ANALYSIS = YES;
				CLANG_WARN_STRICT_PROTOTYPES = YES;
				CLANG_WARN_SUSPICIOUS_MOVE = YES;
				CLANG_WARN_UNGUARDED_AVAILABILITY = YES_AGGRESSIVE;
				CLANG_WARN_UNREACHABLE_CODE = YES;
				CLANG_WARN__DUPLICATE_METHOD_MATCH = YES;
				COPY_PHASE_STRIP = NO;
				DEBUG_INFORMATION_FORMAT = dwarf;
				ENABLE_STRICT_OBJC_MSGSEND = YES;
				ENABLE_TESTABILITY = YES;
				GCC_C_LANGUAGE_STANDARD = gnu11;
				GCC_DYNAMIC_NO_PIC = NO;
				GCC_NO_COMMON_BLOCKS = YES;
				GCC_OPTIMIZATION_LEVEL = 0;
				GCC_PREPROCESSOR_DEFINITIONS = (
					"DEBUG=1",
					"$(inherited)",
				);
				GCC_WARN_64_TO_32_BIT_CONVERSION = YES;
				GCC_WARN_ABOUT_RETURN_TYPE = YES_ERROR;
				GCC_WARN_UNDECLARED_SELECTOR = YES;
				GCC_WARN_UNINITIALIZED_AUTOS = YES_AGGRESSIVE;
				GCC_WARN_UNUSED_FUNCTION = YES;
				GCC_WARN_UNUSED_VARIABLE = YES;
				IPHONEOS_DEPLOYMENT_TARGET = 15.2;
				MTL_ENABLE_DEBUG_INFO = INCLUDE_SOURCE;
				MTL_FAST_MATH = YES;
				ONLY_ACTIVE_ARCH = YES;
				SDKROOT = iphoneos;
				SWIFT_ACTIVE_COMPILATION_CONDITIONS = DEBUG;
				SWIFT_OPTIMIZATION_LEVEL = "-Onone";
			};
			name = Debug;
		};
		9AA251CC284604F9002516D3 /* Release */ = {
			isa = XCBuildConfiguration;
			buildSettings = {
				ALWAYS_SEARCH_USER_PATHS = NO;
				CLANG_ANALYZER_NONNULL = YES;
				CLANG_ANALYZER_NUMBER_OBJECT_CONVERSION = YES_AGGRESSIVE;
				CLANG_CXX_LANGUAGE_STANDARD = "gnu++17";
				CLANG_CXX_LIBRARY = "libc++";
				CLANG_ENABLE_MODULES = YES;
				CLANG_ENABLE_OBJC_ARC = YES;
				CLANG_ENABLE_OBJC_WEAK = YES;
				CLANG_WARN_BLOCK_CAPTURE_AUTORELEASING = YES;
				CLANG_WARN_BOOL_CONVERSION = YES;
				CLANG_WARN_COMMA = YES;
				CLANG_WARN_CONSTANT_CONVERSION = YES;
				CLANG_WARN_DEPRECATED_OBJC_IMPLEMENTATIONS = YES;
				CLANG_WARN_DIRECT_OBJC_ISA_USAGE = YES_ERROR;
				CLANG_WARN_DOCUMENTATION_COMMENTS = YES;
				CLANG_WARN_EMPTY_BODY = YES;
				CLANG_WARN_ENUM_CONVERSION = YES;
				CLANG_WARN_INFINITE_RECURSION = YES;
				CLANG_WARN_INT_CONVERSION = YES;
				CLANG_WARN_NON_LITERAL_NULL_CONVERSION = YES;
				CLANG_WARN_OBJC_IMPLICIT_RETAIN_SELF = YES;
				CLANG_WARN_OBJC_LITERAL_CONVERSION = YES;
				CLANG_WARN_OBJC_ROOT_CLASS = YES_ERROR;
				CLANG_WARN_QUOTED_INCLUDE_IN_FRAMEWORK_HEADER = YES;
				CLANG_WARN_RANGE_LOOP_ANALYSIS = YES;
				CLANG_WARN_STRICT_PROTOTYPES = YES;
				CLANG_WARN_SUSPICIOUS_MOVE = YES;
				CLANG_WARN_UNGUARDED_AVAILABILITY = YES_AGGRESSIVE;
				CLANG_WARN_UNREACHABLE_CODE = YES;
				CLANG_WARN__DUPLICATE_METHOD_MATCH = YES;
				COPY_PHASE_STRIP = NO;
				DEBUG_INFORMATION_FORMAT = "dwarf-with-dsym";
				ENABLE_NS_ASSERTIONS = NO;
				ENABLE_STRICT_OBJC_MSGSEND = YES;
				GCC_C_LANGUAGE_STANDARD = gnu11;
				GCC_NO_COMMON_BLOCKS = YES;
				GCC_WARN_64_TO_32_BIT_CONVERSION = YES;
				GCC_WARN_ABOUT_RETURN_TYPE = YES_ERROR;
				GCC_WARN_UNDECLARED_SELECTOR = YES;
				GCC_WARN_UNINITIALIZED_AUTOS = YES_AGGRESSIVE;
				GCC_WARN_UNUSED_FUNCTION = YES;
				GCC_WARN_UNUSED_VARIABLE = YES;
				IPHONEOS_DEPLOYMENT_TARGET = 15.2;
				MTL_ENABLE_DEBUG_INFO = NO;
				MTL_FAST_MATH = YES;
				SDKROOT = iphoneos;
				SWIFT_COMPILATION_MODE = wholemodule;
				SWIFT_OPTIMIZATION_LEVEL = "-O";
				VALIDATE_PRODUCT = YES;
			};
			name = Release;
		};
		9AA251CE284604F9002516D3 /* Debug */ = {
			isa = XCBuildConfiguration;
			buildSettings = {
				ASSETCATALOG_COMPILER_APPICON_NAME = AppIcon;
				ASSETCATALOG_COMPILER_GLOBAL_ACCENT_COLOR_NAME = AccentColor;
				CODE_SIGN_STYLE = Automatic;
				CURRENT_PROJECT_VERSION = 1;
				DEVELOPMENT_TEAM = 9BZ4794R5K;
				GENERATE_INFOPLIST_FILE = YES;
				INFOPLIST_FILE = AlphaLing/Resources/Info.plist;
				INFOPLIST_KEY_UIApplicationSupportsIndirectInputEvents = YES;
				INFOPLIST_KEY_UILaunchStoryboardName = LaunchScreen;
				INFOPLIST_KEY_UIMainStoryboardFile = LoginPage;
				INFOPLIST_KEY_UISupportedInterfaceOrientations_iPad = "UIInterfaceOrientationPortrait UIInterfaceOrientationPortraitUpsideDown UIInterfaceOrientationLandscapeLeft UIInterfaceOrientationLandscapeRight";
				INFOPLIST_KEY_UISupportedInterfaceOrientations_iPhone = "UIInterfaceOrientationPortrait UIInterfaceOrientationLandscapeLeft UIInterfaceOrientationLandscapeRight";
				LD_RUNPATH_SEARCH_PATHS = (
					"$(inherited)",
					"@executable_path/Frameworks",
				);
				MARKETING_VERSION = 1.0;
				PRODUCT_BUNDLE_IDENTIFIER = com.alphaling.AlphaLing;
				PRODUCT_NAME = "$(TARGET_NAME)";
				SWIFT_EMIT_LOC_STRINGS = YES;
				SWIFT_VERSION = 5.0;
				TARGETED_DEVICE_FAMILY = "1,2";
			};
			name = Debug;
		};
		9AA251CF284604F9002516D3 /* Release */ = {
			isa = XCBuildConfiguration;
			buildSettings = {
				ASSETCATALOG_COMPILER_APPICON_NAME = AppIcon;
				ASSETCATALOG_COMPILER_GLOBAL_ACCENT_COLOR_NAME = AccentColor;
				CODE_SIGN_STYLE = Automatic;
				CURRENT_PROJECT_VERSION = 1;
				DEVELOPMENT_TEAM = 9BZ4794R5K;
				GENERATE_INFOPLIST_FILE = YES;
				INFOPLIST_FILE = AlphaLing/Resources/Info.plist;
				INFOPLIST_KEY_UIApplicationSupportsIndirectInputEvents = YES;
				INFOPLIST_KEY_UILaunchStoryboardName = LaunchScreen;
				INFOPLIST_KEY_UIMainStoryboardFile = LoginPage;
				INFOPLIST_KEY_UISupportedInterfaceOrientations_iPad = "UIInterfaceOrientationPortrait UIInterfaceOrientationPortraitUpsideDown UIInterfaceOrientationLandscapeLeft UIInterfaceOrientationLandscapeRight";
				INFOPLIST_KEY_UISupportedInterfaceOrientations_iPhone = "UIInterfaceOrientationPortrait UIInterfaceOrientationLandscapeLeft UIInterfaceOrientationLandscapeRight";
				LD_RUNPATH_SEARCH_PATHS = (
					"$(inherited)",
					"@executable_path/Frameworks",
				);
				MARKETING_VERSION = 1.0;
				PRODUCT_BUNDLE_IDENTIFIER = com.alphaling.AlphaLing;
				PRODUCT_NAME = "$(TARGET_NAME)";
				SWIFT_EMIT_LOC_STRINGS = YES;
				SWIFT_VERSION = 5.0;
				TARGETED_DEVICE_FAMILY = "1,2";
			};
			name = Release;
		};
/* End XCBuildConfiguration section */

/* Begin XCConfigurationList section */
		9AA251B4284604F4002516D3 /* Build configuration list for PBXProject "AlphaLing" */ = {
			isa = XCConfigurationList;
			buildConfigurations = (
				9AA251CB284604F9002516D3 /* Debug */,
				9AA251CC284604F9002516D3 /* Release */,
			);
			defaultConfigurationIsVisible = 0;
			defaultConfigurationName = Release;
		};
		9AA251CD284604F9002516D3 /* Build configuration list for PBXNativeTarget "AlphaLing" */ = {
			isa = XCConfigurationList;
			buildConfigurations = (
				9AA251CE284604F9002516D3 /* Debug */,
				9AA251CF284604F9002516D3 /* Release */,
			);
			defaultConfigurationIsVisible = 0;
			defaultConfigurationName = Release;
		};
/* End XCConfigurationList section */
	};
	rootObject = 9AA251B1284604F4002516D3 /* Project object */;
}
